{
  "lockfileVersion": 1,
  "configVersion": 1,
  "workspaces": {
    "": {
      "name": "bun-npm-alias-probe",
      "dependencies": {
        "hono": "^4.12.0",
        "my-lodash": "npm:lodash@^4.17.0",
        "old-lodash": "npm:lodash@3.10.1",
      },
    },
  },
  "packages": {
    "hono": ["hono@4.12.27", "", {}, "sha512-1yrb/+w6HWQJrUCLkJ2IF5jNIPvvFkblV5RNOYl6bV+OA6p9GLcMpHFFGTosSvHvcAUibuUukRqhlYI4z32C7Q=="],

    "my-lodash": ["lodash@4.18.1", "", {}, "sha512-dMInicTPVE8d1e5otfwmmjlxkZoUpiVLwyeTdUsi/Caj/gfzzblBcCE5sRHV/AsjuCmxWrte2TNGSYuCeCq+0Q=="],

    "old-lodash": ["lodash@3.10.1", "", {}, "sha512-9mDDwqVIma6OZX79ZlDACZl8sBm0TEnkf99zV3iMA4GzkIT/9hiqP5mY0HoT1iNLCrKc/R1HByV+yJfRWVJryQ=="],
  }
}
