// Bun lockfile — text JSONC format (Bun 1.2+).
// Generated by Bun v1.2.x.  Edit with care.
// Comments and trailing commas are valid JSONC.
//
// npm: alias probe — exercises the npm: alias protocol.
// Two aliases point to the same upstream package (lodash) at
// different resolved versions. The lockfile key is ALWAYS the
// alias name, never the upstream package name.
{
  "lockfileVersion": 1,
  "configVersion": 1,

  // workspaces: root-only project (no monorepo members).
  "workspaces": {
    "": {
      "name": "bun-npm-alias-probe",
      "dependencies": {
        // npm: alias — install name "my-lodash", upstream package "lodash@^4.17.0"
        "my-lodash": "npm:lodash@^4.17.0",
        // npm: alias — install name "old-lodash", upstream package "lodash@3.10.1"
        "old-lodash": "npm:lodash@3.10.1",
        // Normal registry dep — control, not an alias
        "hono": "^4.12.0",
      },
    },
  },

  // packages: resolved entries.
  // Tuple format: ["realname@resolvedversion", { metadata }, "integrity-hash"]
  //
  // CRITICAL ALIAS ENCODING RULE (Bun 1.2+):
  //   - Key    = the alias name declared in package.json   (e.g. "my-lodash")
  //   - Tuple  = the upstream package name + resolved version  (e.g. "lodash@4.17.21")
  //
  // This means a naive parser that treats the key as the package identity will
  // report "my-lodash" and "old-lodash" as the installed names — which is CORRECT.
  // A parser that strips the alias key and uses the tuple name ("lodash") is WRONG
  // and will both lose the alias identity and potentially merge two distinct entries.
  "packages": {

    // Alias dep: my-lodash → lodash@4.17.21 (satisfies ^4.17.0)
    // Key = alias name. Tuple[0] = upstream name@resolved version.
    "my-lodash": ["lodash@4.17.21", {}, "sha512-v2kDEe57lecTulaDIuNTPy3Ry4gLGJ6Z1O3vE1krgXZNrsQ+LFTGHVxVjcXPs17LhbZkFekkO6tToPFX/+HdLg=="],

    // Alias dep: old-lodash → lodash@3.10.1 (exact pin)
    // Same upstream package (lodash) but different alias name AND different version.
    // These are TWO distinct entries in the tree — must not be merged.
    "old-lodash": ["lodash@3.10.1", {}, "sha512-9mlyoFDKg2FVMK3K/eAjHWJRRlTjGRs5aFMSSf2q7+bKoTmFbAU1bMSBPdz8D1J1lkWgHyRPJXiQKNHHzU/jnQ=="],

    // Normal registry dep — control (no alias).
    // hono has no runtime dependencies.
    "hono": ["hono@4.7.11", {}, "sha512-IHMrqSLXLftSH/pA/6D/Q7V/kfWBlB3F1JRXKdlJJWMoAQGFQVFUGvVwBiFlNJWbMl72+K0bAnBqJuN3FcZLw=="],

  },
}